
Microsoft Visual Studio Solution File, Format Version 12.00
# Visual Studio 15
VisualStudioVersion = 15.0.27703.2035
MinimumVisualStudioVersion = 10.0.40219.1
Project("{FAE04EC0-301F-11D3-BF4B-00C04F79EFBC}") = "projeto.web", "Fontes\projeto.web\projeto.web.csproj", "{EFBEF9AC-84AE-4A14-A4B7-190BEA7F31C7}"
EndProject
Global
	GlobalSection(SolutionConfigurationPlatforms) = preSolution
		Debug|Any CPU = Debug|Any CPU
		Release|Any CPU = Release|Any CPU
	EndGlobalSection
	GlobalSection(ProjectConfigurationPlatforms) = postSolution
		{EFBEF9AC-84AE-4A14-A4B7-190BEA7F31C7}.Debug|Any CPU.ActiveCfg = Debug|Any CPU
		{EFBEF9AC-84AE-4A14-A4B7-190BEA7F31C7}.Debug|Any CPU.Build.0 = Debug|Any CPU
		{EFBEF9AC-84AE-4A14-A4B7-190BEA7F31C7}.Release|Any CPU.ActiveCfg = Release|Any CPU
		{EFBEF9AC-84AE-4A14-A4B7-190BEA7F31C7}.Release|Any CPU.Build.0 = Release|Any CPU
	EndGlobalSection
	GlobalSection(SolutionProperties) = preSolution
		HideSolutionNode = FALSE
	EndGlobalSection
	GlobalSection(ExtensibilityGlobals) = postSolution
		SolutionGuid = {3C6A5CDD-DBAE-45D0-9218-656A95A34B06}
	EndGlobalSection
EndGlobal
